
Microsoft Visual Studio Solution File, Format Version 12.00
# Visual Studio Version 17
VisualStudioVersion = 17.0.32112.339
MinimumVisualStudioVersion = 10.0.40219.1
Project("{9A19103F-16F7-4668-BE54-9A1E7A4F7556}") = "Tupiniquim.ConsoleApp", "Tupiniquim.ConsoleApp\Tupiniquim.ConsoleApp.csproj", "{A07E1F7D-177F-4CB0-A7A1-D9FB83653746}"
EndProject
Global
	GlobalSection(SolutionConfigurationPlatforms) = preSolution
		Debug|Any CPU = Debug|Any CPU
		Release|Any CPU = Release|Any CPU
	EndGlobalSection
	GlobalSection(ProjectConfigurationPlatforms) = postSolution
		{A07E1F7D-177F-4CB0-A7A1-D9FB83653746}.Debug|Any CPU.ActiveCfg = Debug|Any CPU
		{A07E1F7D-177F-4CB0-A7A1-D9FB83653746}.Debug|Any CPU.Build.0 = Debug|Any CPU
		{A07E1F7D-177F-4CB0-A7A1-D9FB83653746}.Release|Any CPU.ActiveCfg = Release|Any CPU
		{A07E1F7D-177F-4CB0-A7A1-D9FB83653746}.Release|Any CPU.Build.0 = Release|Any CPU
	EndGlobalSection
	GlobalSection(SolutionProperties) = preSolution
		HideSolutionNode = FALSE
	EndGlobalSection
	GlobalSection(ExtensibilityGlobals) = postSolution
		SolutionGuid = {DC1F89FC-B283-4DCE-840B-E48AC557DDC3}
	EndGlobalSection
EndGlobal
